
Microsoft Visual Studio Solution File, Format Version 12.00
# Visual Studio Version 16
VisualStudioVersion = 16.0.30413.136
MinimumVisualStudioVersion = 10.0.40219.1
Project("{FAE04EC0-301F-11D3-BF4B-00C04F79EFBC}") = "cprg200_WorkshopV2", "cprg200_Workshop\cprg200_WorkshopV2.csproj", "{DD471E0D-6701-4698-A361-5CF8E9E59F25}"
EndProject
Global
	GlobalSection(SolutionConfigurationPlatforms) = preSolution
		Debug|Any CPU = Debug|Any CPU
		Release|Any CPU = Release|Any CPU
	EndGlobalSection
	GlobalSection(ProjectConfigurationPlatforms) = postSolution
		{DD471E0D-6701-4698-A361-5CF8E9E59F25}.Debug|Any CPU.ActiveCfg = Debug|Any CPU
		{DD471E0D-6701-4698-A361-5CF8E9E59F25}.Debug|Any CPU.Build.0 = Debug|Any CPU
		{DD471E0D-6701-4698-A361-5CF8E9E59F25}.Release|Any CPU.ActiveCfg = Release|Any CPU
		{DD471E0D-6701-4698-A361-5CF8E9E59F25}.Release|Any CPU.Build.0 = Release|Any CPU
	EndGlobalSection
	GlobalSection(SolutionProperties) = preSolution
		HideSolutionNode = FALSE
	EndGlobalSection
	GlobalSection(ExtensibilityGlobals) = postSolution
		SolutionGuid = {2F069CA8-952D-4516-951F-68609AF809D0}
	EndGlobalSection
EndGlobal
